
Microsoft Visual Studio Solution File, Format Version 12.00
# Visual Studio Version 17
VisualStudioVersion = 17.11.35431.28
MinimumVisualStudioVersion = 10.0.40219.1
Project("{9A19103F-16F7-4668-BE54-9A1E7A4F7556}") = "SportClubApp", "SportClubApp\SportClubApp.csproj", "{381030EE-07A4-467A-A73B-BABEE7E4A3C0}"
EndProject
Global
	GlobalSection(SolutionConfigurationPlatforms) = preSolution
		Debug|Any CPU = Debug|Any CPU
		Release|Any CPU = Release|Any CPU
	EndGlobalSection
	GlobalSection(ProjectConfigurationPlatforms) = postSolution
		{381030EE-07A4-467A-A73B-BABEE7E4A3C0}.Debug|Any CPU.ActiveCfg = Debug|Any CPU
		{381030EE-07A4-467A-A73B-BABEE7E4A3C0}.Debug|Any CPU.Build.0 = Debug|Any CPU
		{381030EE-07A4-467A-A73B-BABEE7E4A3C0}.Release|Any CPU.ActiveCfg = Release|Any CPU
		{381030EE-07A4-467A-A73B-BABEE7E4A3C0}.Release|Any CPU.Build.0 = Release|Any CPU
	EndGlobalSection
	GlobalSection(SolutionProperties) = preSolution
		HideSolutionNode = FALSE
	EndGlobalSection
	GlobalSection(ExtensibilityGlobals) = postSolution
		SolutionGuid = {9CADB23F-39FA-46CF-AFA1-E0A166DBA7A6}
	EndGlobalSection
EndGlobal
